{
  "name": "app",
  "version": "1.0.0",
  "lockfileVersion": 2,
  "requires": true,
  "packages": {
    "": {
      "name": "app",
      "version": "1.0.0",
      "license": "ISC",
      "dependencies": {
        "@weslleyshavo/date-util": "^1.0.0"
      }
    },
    "node_modules/@weslleyshavo/date-util": {
      "version": "1.0.0",
      "resolved": "http://localhost:4873/@weslleyshavo%2fdate-util/-/date-util-1.0.0.tgz",
      "integrity": "sha512-tDHwc/8PUG7n1l8wCwgZuwQfrbvL8trseFMti4IkddBBVER6Ybs1rznE8xnez/3hK2Y5SK0bfU7hLeUZ81oezA==",
      "license": "ISC",
      "dependencies": {
        "@weslleyshavo/string-util": "^1.0.0"
      }
    },
    "node_modules/@weslleyshavo/string-util": {
      "version": "1.0.0",
      "resolved": "http://localhost:4873/@weslleyshavo%2fstring-util/-/string-util-1.0.0.tgz",
      "integrity": "sha512-8A3Q2cmcl99U1ZcVDUxyJc52GPf8tiOS5pkUvWUMi6iliul0mAyBXscP+8VboggDc+ocidk9FqHJh5mMvQDPCw==",
      "license": "ISC"
    }
  },
  "dependencies": {
    "@weslleyshavo/date-util": {
      "version": "1.0.0",
      "resolved": "http://localhost:4873/@weslleyshavo%2fdate-util/-/date-util-1.0.0.tgz",
      "integrity": "sha512-tDHwc/8PUG7n1l8wCwgZuwQfrbvL8trseFMti4IkddBBVER6Ybs1rznE8xnez/3hK2Y5SK0bfU7hLeUZ81oezA==",
      "requires": {
        "@weslleyshavo/string-util": "^1.0.0"
      }
    },
    "@weslleyshavo/string-util": {
      "version": "1.0.0",
      "resolved": "http://localhost:4873/@weslleyshavo%2fstring-util/-/string-util-1.0.0.tgz",
      "integrity": "sha512-8A3Q2cmcl99U1ZcVDUxyJc52GPf8tiOS5pkUvWUMi6iliul0mAyBXscP+8VboggDc+ocidk9FqHJh5mMvQDPCw=="
    }
  }
}
