{
  "name": "myapp",
  "version": "1.0.0",
  "lockfileVersion": 2,
  "requires": true,
  "packages": {
    "": {
      "name": "myapp",
      "version": "1.0.0",
      "license": "ISC",
      "dependencies": {
        "@weslleyshavo/fluentsql": "^2.0.1"
      }
    },
    "node_modules/@weslleyshavo/fluentsql": {
      "version": "2.0.1",
      "resolved": "https://registry.npmjs.org/@weslleyshavo/fluentsql/-/fluentsql-2.0.1.tgz",
      "integrity": "sha512-nZCIxKYKgk24KDT8KciHrV8yogqqjKQaL4Ej9SMP0h7KEXHSFtwYEDXEhPFTtfsjDT5a4syleLw3qrMFRhrQog=="
    }
  },
  "dependencies": {
    "@weslleyshavo/fluentsql": {
      "version": "2.0.1",
      "resolved": "https://registry.npmjs.org/@weslleyshavo/fluentsql/-/fluentsql-2.0.1.tgz",
      "integrity": "sha512-nZCIxKYKgk24KDT8KciHrV8yogqqjKQaL4Ej9SMP0h7KEXHSFtwYEDXEhPFTtfsjDT5a4syleLw3qrMFRhrQog=="
    }
  }
}
