{
  "name": "myapp",
  "version": "1.0.0",
  "lockfileVersion": 2,
  "requires": true,
  "packages": {
    "": {
      "name": "myapp",
      "version": "1.0.0",
      "license": "ISC",
      "dependencies": {
        "@weslleyshavo/fluentsql": "^2.0.0"
      }
    },
    "node_modules/@weslleyshavo/fluentsql": {
      "version": "2.0.0",
      "resolved": "https://registry.npmjs.org/@weslleyshavo/fluentsql/-/fluentsql-2.0.0.tgz",
      "integrity": "sha512-0JuemRua3jDZWpQSmxdSs5q/O6I/QVrpb9ir94n/Obp4F254069r5eehW2VK1mSPP0K73p5uuTdpSPsdVgyKWw=="
    }
  },
  "dependencies": {
    "@weslleyshavo/fluentsql": {
      "version": "2.0.0",
      "resolved": "https://registry.npmjs.org/@weslleyshavo/fluentsql/-/fluentsql-2.0.0.tgz",
      "integrity": "sha512-0JuemRua3jDZWpQSmxdSs5q/O6I/QVrpb9ir94n/Obp4F254069r5eehW2VK1mSPP0K73p5uuTdpSPsdVgyKWw=="
    }
  }
}
